// !$*UTF8*$!
{
	archiveVersion = 1;
	classes = {
	};
	objectVersion = 51;
	objects = {

/* Begin PBXBuildFile section */
		640AAB1F23CEB9B000116CE1 /* AppDelegate.swift in Sources */ = {isa = PBXBuildFile; fileRef = 640AAB1E23CEB9B000116CE1 /* AppDelegate.swift */; };
		640AAB2123CEB9B000116CE1 /* ViewController.swift in Sources */ = {isa = PBXBuildFile; fileRef = 640AAB2023CEB9B000116CE1 /* ViewController.swift */; };
		640AAB2423CEB9B000116CE1 /* Main.storyboard in Resources */ = {isa = PBXBuildFile; fileRef = 640AAB2223CEB9B000116CE1 /* Main.storyboard */; };
		640AAB2623CEB9B100116CE1 /* Assets.xcassets in Resources */ = {isa = PBXBuildFile; fileRef = 640AAB2523CEB9B100116CE1 /* Assets.xcassets */; };
		640AAB2923CEB9B100116CE1 /* LaunchScreen.storyboard in Resources */ = {isa = PBXBuildFile; fileRef = 640AAB2723CEB9B100116CE1 /* LaunchScreen.storyboard */; };
		C55F5E380778E11C5EEEB2AF /* Pods_GitHubActions.framework in Frameworks */ = {isa = PBXBuildFile; fileRef = 6E6DF1DBC864308B45E2AEBF /* Pods_GitHubActions.framework */; };
/* End PBXBuildFile section */

/* Begin PBXFileReference section */
		05E8ACB86EC90DA9D31ECA51 /* Pods-GitHubActions.debug.xcconfig */ = {isa = PBXFileReference; includeInIndex = 1; lastKnownFileType = text.xcconfig; name = "Pods-GitHubActions.debug.xcconfig"; path = "Target Support Files/Pods-GitHubActions/Pods-GitHubActions.debug.xcconfig"; sourceTree = "<group>"; };
		0B301BB3471A2C40CBCDCDA8 /* Pods-GitHubActions-GitHubActionsUITests.release.xcconfig */ = {isa = PBXFileReference; includeInIndex = 1; lastKnownFileType = text.xcconfig; name = "Pods-GitHubActions-GitHubActionsUITests.release.xcconfig"; path = "Target Support Files/Pods-GitHubActions-GitHubActionsUITests/Pods-GitHubActions-GitHubActionsUITests.release.xcconfig"; sourceTree = "<group>"; };
		261058685B94351BA66F8682 /* Pods-GitHubActionsTests.release.xcconfig */ = {isa = PBXFileReference; includeInIndex = 1; lastKnownFileType = text.xcconfig; name = "Pods-GitHubActionsTests.release.xcconfig"; path = "Target Support Files/Pods-GitHubActionsTests/Pods-GitHubActionsTests.release.xcconfig"; sourceTree = "<group>"; };
		572D818A9F172C6A0A55125E /* Pods-GitHubActions-GitHubActionsUITests.debug.xcconfig */ = {isa = PBXFileReference; includeInIndex = 1; lastKnownFileType = text.xcconfig; name = "Pods-GitHubActions-GitHubActionsUITests.debug.xcconfig"; path = "Target Support Files/Pods-GitHubActions-GitHubActionsUITests/Pods-GitHubActions-GitHubActionsUITests.debug.xcconfig"; sourceTree = "<group>"; };
		640AAB1B23CEB9B000116CE1 /* GitHubActions.app */ = {isa = PBXFileReference; explicitFileType = wrapper.application; includeInIndex = 0; path = GitHubActions.app; sourceTree = BUILT_PRODUCTS_DIR; };
		640AAB1E23CEB9B000116CE1 /* AppDelegate.swift */ = {isa = PBXFileReference; lastKnownFileType = sourcecode.swift; path = AppDelegate.swift; sourceTree = "<group>"; };
		640AAB2023CEB9B000116CE1 /* ViewController.swift */ = {isa = PBXFileReference; lastKnownFileType = sourcecode.swift; path = ViewController.swift; sourceTree = "<group>"; };
		640AAB2323CEB9B000116CE1 /* Base */ = {isa = PBXFileReference; lastKnownFileType = file.storyboard; name = Base; path = Base.lproj/Main.storyboard; sourceTree = "<group>"; };
		640AAB2523CEB9B100116CE1 /* Assets.xcassets */ = {isa = PBXFileReference; lastKnownFileType = folder.assetcatalog; path = Assets.xcassets; sourceTree = "<group>"; };
		640AAB2823CEB9B100116CE1 /* Base */ = {isa = PBXFileReference; lastKnownFileType = file.storyboard; name = Base; path = Base.lproj/LaunchScreen.storyboard; sourceTree = "<group>"; };
		640AAB2A23CEB9B100116CE1 /* Info.plist */ = {isa = PBXFileReference; lastKnownFileType = text.plist.xml; path = Info.plist; sourceTree = "<group>"; };
		6A75A40A7B4D707FC9ADE3D0 /* Pods-GitHubActions.release.xcconfig */ = {isa = PBXFileReference; includeInIndex = 1; lastKnownFileType = text.xcconfig; name = "Pods-GitHubActions.release.xcconfig"; path = "Target Support Files/Pods-GitHubActions/Pods-GitHubActions.release.xcconfig"; sourceTree = "<group>"; };
		6E6DF1DBC864308B45E2AEBF /* Pods_GitHubActions.framework */ = {isa = PBXFileReference; explicitFileType = wrapper.framework; includeInIndex = 0; path = Pods_GitHubActions.framework; sourceTree = BUILT_PRODUCTS_DIR; };
		725DF4423E80AD79EDB5BB2E /* Pods_GitHubActions_GitHubActionsUITests.framework */ = {isa = PBXFileReference; explicitFileType = wrapper.framework; includeInIndex = 0; path = Pods_GitHubActions_GitHubActionsUITests.framework; sourceTree = BUILT_PRODUCTS_DIR; };
		A4EE7009DD3ABE3320B172E9 /* Pods_GitHubActionsTests.framework */ = {isa = PBXFileReference; explicitFileType = wrapper.framework; includeInIndex = 0; path = Pods_GitHubActionsTests.framework; sourceTree = BUILT_PRODUCTS_DIR; };
		E56F0E680DD6DDF8CD57A253 /* Pods-GitHubActionsTests.debug.xcconfig */ = {isa = PBXFileReference; includeInIndex = 1; lastKnownFileType = text.xcconfig; name = "Pods-GitHubActionsTests.debug.xcconfig"; path = "Target Support Files/Pods-GitHubActionsTests/Pods-GitHubActionsTests.debug.xcconfig"; sourceTree = "<group>"; };
/* End PBXFileReference section */

/* Begin PBXFrameworksBuildPhase section */
		640AAB1823CEB9B000116CE1 /* Frameworks */ = {
			isa = PBXFrameworksBuildPhase;
			buildActionMask = 2147483647;
			files = (
				C55F5E380778E11C5EEEB2AF /* Pods_GitHubActions.framework in Frameworks */,
			);
			runOnlyForDeploymentPostprocessing = 0;
		};
/* End PBXFrameworksBuildPhase section */

/* Begin PBXGroup section */
		1EBE1984404B7E49BAD8BFD3 /* Pods */ = {
			isa = PBXGroup;
			children = (
				05E8ACB86EC90DA9D31ECA51 /* Pods-GitHubActions.debug.xcconfig */,
				6A75A40A7B4D707FC9ADE3D0 /* Pods-GitHubActions.release.xcconfig */,
				572D818A9F172C6A0A55125E /* Pods-GitHubActions-GitHubActionsUITests.debug.xcconfig */,
				0B301BB3471A2C40CBCDCDA8 /* Pods-GitHubActions-GitHubActionsUITests.release.xcconfig */,
				E56F0E680DD6DDF8CD57A253 /* Pods-GitHubActionsTests.debug.xcconfig */,
				261058685B94351BA66F8682 /* Pods-GitHubActionsTests.release.xcconfig */,
			);
			path = Pods;
			sourceTree = "<group>";
		};
		640AAB1223CEB9B000116CE1 = {
			isa = PBXGroup;
			children = (
				640AAB1D23CEB9B000116CE1 /* GitHubActions */,
				640AAB1C23CEB9B000116CE1 /* Products */,
				1EBE1984404B7E49BAD8BFD3 /* Pods */,
				F9ECA52E1D89018F252B1E71 /* Frameworks */,
			);
			sourceTree = "<group>";
		};
		640AAB1C23CEB9B000116CE1 /* Products */ = {
			isa = PBXGroup;
			children = (
				640AAB1B23CEB9B000116CE1 /* GitHubActions.app */,
			);
			name = Products;
			sourceTree = "<group>";
		};
		640AAB1D23CEB9B000116CE1 /* GitHubActions */ = {
			isa = PBXGroup;
			children = (
				640AAB1E23CEB9B000116CE1 /* AppDelegate.swift */,
				640AAB2023CEB9B000116CE1 /* ViewController.swift */,
				640AAB2223CEB9B000116CE1 /* Main.storyboard */,
				640AAB2523CEB9B100116CE1 /* Assets.xcassets */,
				640AAB2723CEB9B100116CE1 /* LaunchScreen.storyboard */,
				640AAB2A23CEB9B100116CE1 /* Info.plist */,
			);
			path = GitHubActions;
			sourceTree = "<group>";
		};
		F9ECA52E1D89018F252B1E71 /* Frameworks */ = {
			isa = PBXGroup;
			children = (
				6E6DF1DBC864308B45E2AEBF /* Pods_GitHubActions.framework */,
				725DF4423E80AD79EDB5BB2E /* Pods_GitHubActions_GitHubActionsUITests.framework */,
				A4EE7009DD3ABE3320B172E9 /* Pods_GitHubActionsTests.framework */,
			);
			name = Frameworks;
			sourceTree = "<group>";
		};
/* End PBXGroup section */

/* Begin PBXNativeTarget section */
		640AAB1A23CEB9B000116CE1 /* GitHubActions */ = {
			isa = PBXNativeTarget;
			buildConfigurationList = 640AAB4323CEB9B100116CE1 /* Build configuration list for PBXNativeTarget "GitHubActions" */;
			buildPhases = (
				B7B1C341051A2D922BEFCF9E /* [CP] Check Pods Manifest.lock */,
				640AAB1723CEB9B000116CE1 /* Sources */,
				640AAB1823CEB9B000116CE1 /* Frameworks */,
				640AAB1923CEB9B000116CE1 /* Resources */,
				678E7AE3D9F6AC7BF3ABDA96 /* [CP] Embed Pods Frameworks */,
			);
			buildRules = (
			);
			dependencies = (
			);
			name = GitHubActions;
			productName = GitHubActions;
			productReference = 640AAB1B23CEB9B000116CE1 /* GitHubActions.app */;
			productType = "com.apple.product-type.application";
		};
/* End PBXNativeTarget section */

/* Begin PBXProject section */
		640AAB1323CEB9B000116CE1 /* Project object */ = {
			isa = PBXProject;
			attributes = {
				LastSwiftUpdateCheck = 1030;
				LastUpgradeCheck = 1030;
				ORGANIZATIONNAME = "Webcubator Technologies LLP";
				TargetAttributes = {
					640AAB1A23CEB9B000116CE1 = {
						CreatedOnToolsVersion = 10.3;
					};
				};
			};
			buildConfigurationList = 640AAB1623CEB9B000116CE1 /* Build configuration list for PBXProject "GitHubActions" */;
			compatibilityVersion = "Xcode 9.3";
			developmentRegion = en;
			hasScannedForEncodings = 0;
			knownRegions = (
				en,
				Base,
			);
			mainGroup = 640AAB1223CEB9B000116CE1;
			productRefGroup = 640AAB1C23CEB9B000116CE1 /* Products */;
			projectDirPath = "";
			projectRoot = "";
			targets = (
				640AAB1A23CEB9B000116CE1 /* GitHubActions */,
			);
		};
/* End PBXProject section */

/* Begin PBXResourcesBuildPhase section */
		640AAB1923CEB9B000116CE1 /* Resources */ = {
			isa = PBXResourcesBuildPhase;
			buildActionMask = 2147483647;
			files = (
				640AAB2923CEB9B100116CE1 /* LaunchScreen.storyboard in Resources */,
				640AAB2623CEB9B100116CE1 /* Assets.xcassets in Resources */,
				640AAB2423CEB9B000116CE1 /* Main.storyboard in Resources */,
			);
			runOnlyForDeploymentPostprocessing = 0;
		};
/* End PBXResourcesBuildPhase section */

/* Begin PBXShellScriptBuildPhase section */
		678E7AE3D9F6AC7BF3ABDA96 /* [CP] Embed Pods Frameworks */ = {
			isa = PBXShellScriptBuildPhase;
			buildActionMask = 2147483647;
			files = (
			);
			inputFileListPaths = (
				"${PODS_ROOT}/Target Support Files/Pods-GitHubActions/Pods-GitHubActions-frameworks-${CONFIGURATION}-input-files.xcfilelist",
			);
			name = "[CP] Embed Pods Frameworks";
			outputFileListPaths = (
				"${PODS_ROOT}/Target Support Files/Pods-GitHubActions/Pods-GitHubActions-frameworks-${CONFIGURATION}-output-files.xcfilelist",
			);
			runOnlyForDeploymentPostprocessing = 0;
			shellPath = /bin/sh;
			shellScript = "\"${PODS_ROOT}/Target Support Files/Pods-GitHubActions/Pods-GitHubActions-frameworks.sh\"\n";
			showEnvVarsInLog = 0;
		};
		B7B1C341051A2D922BEFCF9E /* [CP] Check Pods Manifest.lock */ = {
			isa = PBXShellScriptBuildPhase;
			buildActionMask = 2147483647;
			files = (
			);
			inputFileListPaths = (
			);
			inputPaths = (
				"${PODS_PODFILE_DIR_PATH}/Podfile.lock",
				"${PODS_ROOT}/Manifest.lock",
			);
			name = "[CP] Check Pods Manifest.lock";
			outputFileListPaths = (
			);
			outputPaths = (
				"$(DERIVED_FILE_DIR)/Pods-GitHubActions-checkManifestLockResult.txt",
			);
			runOnlyForDeploymentPostprocessing = 0;
			shellPath = /bin/sh;
			shellScript = "diff \"${PODS_PODFILE_DIR_PATH}/Podfile.lock\" \"${PODS_ROOT}/Manifest.lock\" > /dev/null\nif [ $? != 0 ] ; then\n    # print error to STDERR\n    echo \"error: The sandbox is not in sync with the Podfile.lock. Run 'pod install' or update your CocoaPods installation.\" >&2\n    exit 1\nfi\n# This output is used by Xcode 'outputs' to avoid re-running this script phase.\necho \"SUCCESS\" > \"${SCRIPT_OUTPUT_FILE_0}\"\n";
			showEnvVarsInLog = 0;
		};
/* End PBXShellScriptBuildPhase section */

/* Begin PBXSourcesBuildPhase section */
		640AAB1723CEB9B000116CE1 /* Sources */ = {
			isa = PBXSourcesBuildPhase;
			buildActionMask = 2147483647;
			files = (
				640AAB2123CEB9B000116CE1 /* ViewController.swift in Sources */,
				640AAB1F23CEB9B000116CE1 /* AppDelegate.swift in Sources */,
			);
			runOnlyForDeploymentPostprocessing = 0;
		};
/* End PBXSourcesBuildPhase section */

/* Begin PBXVariantGroup section */
		640AAB2223CEB9B000116CE1 /* Main.storyboard */ = {
			isa = PBXVariantGroup;
			children = (
				640AAB2323CEB9B000116CE1 /* Base */,
			);
			name = Main.storyboard;
			sourceTree = "<group>";
		};
		640AAB2723CEB9B100116CE1 /* LaunchScreen.storyboard */ = {
			isa = PBXVariantGroup;
			children = (
				640AAB2823CEB9B100116CE1 /* Base */,
			);
			name = LaunchScreen.storyboard;
			sourceTree = "<group>";
		};
/* End PBXVariantGroup section */

/* Begin XCBuildConfiguration section */
		640AAB4123CEB9B100116CE1 /* Debug */ = {
			isa = XCBuildConfiguration;
			buildSettings = {
				ALWAYS_SEARCH_USER_PATHS = NO;
				CLANG_ANALYZER_NONNULL = YES;
				CLANG_ANALYZER_NUMBER_OBJECT_CONVERSION = YES_AGGRESSIVE;
				CLANG_CXX_LANGUAGE_STANDARD = "gnu++14";
				CLANG_CXX_LIBRARY = "libc++";
				CLANG_ENABLE_MODULES = YES;
				CLANG_ENABLE_OBJC_ARC = YES;
				CLANG_ENABLE_OBJC_WEAK = YES;
				CLANG_WARN_BLOCK_CAPTURE_AUTORELEASING = YES;
				CLANG_WARN_BOOL_CONVERSION = YES;
				CLANG_WARN_COMMA = YES;
				CLANG_WARN_CONSTANT_CONVERSION = YES;
				CLANG_WARN_DEPRECATED_OBJC_IMPLEMENTATIONS = YES;
				CLANG_WARN_DIRECT_OBJC_ISA_USAGE = YES_ERROR;
				CLANG_WARN_DOCUMENTATION_COMMENTS = YES;
				CLANG_WARN_EMPTY_BODY = YES;
				CLANG_WARN_ENUM_CONVERSION = YES;
				CLANG_WARN_INFINITE_RECURSION = YES;
				CLANG_WARN_INT_CONVERSION = YES;
				CLANG_WARN_NON_LITERAL_NULL_CONVERSION = YES;
				CLANG_WARN_OBJC_IMPLICIT_RETAIN_SELF = YES;
				CLANG_WARN_OBJC_LITERAL_CONVERSION = YES;
				CLANG_WARN_OBJC_ROOT_CLASS = YES_ERROR;
				CLANG_WARN_RANGE_LOOP_ANALYSIS = YES;
				CLANG_WARN_STRICT_PROTOTYPES = YES;
				CLANG_WARN_SUSPICIOUS_MOVE = YES;
				CLANG_WARN_UNGUARDED_AVAILABILITY = YES_AGGRESSIVE;
				CLANG_WARN_UNREACHABLE_CODE = YES;
				CLANG_WARN__DUPLICATE_METHOD_MATCH = YES;
				CODE_SIGN_IDENTITY = "iPhone Developer";
				COPY_PHASE_STRIP = NO;
				DEBUG_INFORMATION_FORMAT = dwarf;
				ENABLE_STRICT_OBJC_MSGSEND = YES;
				ENABLE_TESTABILITY = YES;
				GCC_C_LANGUAGE_STANDARD = gnu11;
				GCC_DYNAMIC_NO_PIC = NO;
				GCC_NO_COMMON_BLOCKS = YES;
				GCC_OPTIMIZATION_LEVEL = 0;
				GCC_PREPROCESSOR_DEFINITIONS = (
					"DEBUG=1",
					"$(inherited)",
				);
				GCC_WARN_64_TO_32_BIT_CONVERSION = YES;
				GCC_WARN_ABOUT_RETURN_TYPE = YES_ERROR;
				GCC_WARN_UNDECLARED_SELECTOR = YES;
				GCC_WARN_UNINITIALIZED_AUTOS = YES_AGGRESSIVE;
				GCC_WARN_UNUSED_FUNCTION = YES;
				GCC_WARN_UNUSED_VARIABLE = YES;
				IPHONEOS_DEPLOYMENT_TARGET = 12.4;
				MTL_ENABLE_DEBUG_INFO = INCLUDE_SOURCE;
				MTL_FAST_MATH = YES;
				ONLY_ACTIVE_ARCH = YES;
				SDKROOT = iphoneos;
				SWIFT_ACTIVE_COMPILATION_CONDITIONS = DEBUG;
				SWIFT_OPTIMIZATION_LEVEL = "-Onone";
			};
			name = Debug;
		};
		640AAB4223CEB9B100116CE1 /* Release */ = {
			isa = XCBuildConfiguration;
			buildSettings = {
				ALWAYS_SEARCH_USER_PATHS = NO;
				CLANG_ANALYZER_NONNULL = YES;
				CLANG_ANALYZER_NUMBER_OBJECT_CONVERSION = YES_AGGRESSIVE;
				CLANG_CXX_LANGUAGE_STANDARD = "gnu++14";
				CLANG_CXX_LIBRARY = "libc++";
				CLANG_ENABLE_MODULES = YES;
				CLANG_ENABLE_OBJC_ARC = YES;
				CLANG_ENABLE_OBJC_WEAK = YES;
				CLANG_WARN_BLOCK_CAPTURE_AUTORELEASING = YES;
				CLANG_WARN_BOOL_CONVERSION = YES;
				CLANG_WARN_COMMA = YES;
				CLANG_WARN_CONSTANT_CONVERSION = YES;
				CLANG_WARN_DEPRECATED_OBJC_IMPLEMENTATIONS = YES;
				CLANG_WARN_DIRECT_OBJC_ISA_USAGE = YES_ERROR;
				CLANG_WARN_DOCUMENTATION_COMMENTS = YES;
				CLANG_WARN_EMPTY_BODY = YES;
				CLANG_WARN_ENUM_CONVERSION = YES;
				CLANG_WARN_INFINITE_RECURSION = YES;
				CLANG_WARN_INT_CONVERSION = YES;
				CLANG_WARN_NON_LITERAL_NULL_CONVERSION = YES;
				CLANG_WARN_OBJC_IMPLICIT_RETAIN_SELF = YES;
				CLANG_WARN_OBJC_LITERAL_CONVERSION = YES;
				CLANG_WARN_OBJC_ROOT_CLASS = YES_ERROR;
				CLANG_WARN_RANGE_LOOP_ANALYSIS = YES;
				CLANG_WARN_STRICT_PROTOTYPES = YES;
				CLANG_WARN_SUSPICIOUS_MOVE = YES;
				CLANG_WARN_UNGUARDED_AVAILABILITY = YES_AGGRESSIVE;
				CLANG_WARN_UNREACHABLE_CODE = YES;
				CLANG_WARN__DUPLICATE_METHOD_MATCH = YES;
				CODE_SIGN_IDENTITY = "iPhone Developer";
				COPY_PHASE_STRIP = NO;
				DEBUG_INFORMATION_FORMAT = "dwarf-with-dsym";
				ENABLE_NS_ASSERTIONS = NO;
				ENABLE_STRICT_OBJC_MSGSEND = YES;
				GCC_C_LANGUAGE_STANDARD = gnu11;
				GCC_NO_COMMON_BLOCKS = YES;
				GCC_WARN_64_TO_32_BIT_CONVERSION = YES;
				GCC_WARN_ABOUT_RETURN_TYPE = YES_ERROR;
				GCC_WARN_UNDECLARED_SELECTOR = YES;
				GCC_WARN_UNINITIALIZED_AUTOS = YES_AGGRESSIVE;
				GCC_WARN_UNUSED_FUNCTION = YES;
				GCC_WARN_UNUSED_VARIABLE = YES;
				IPHONEOS_DEPLOYMENT_TARGET = 12.4;
				MTL_ENABLE_DEBUG_INFO = NO;
				MTL_FAST_MATH = YES;
				SDKROOT = iphoneos;
				SWIFT_COMPILATION_MODE = wholemodule;
				SWIFT_OPTIMIZATION_LEVEL = "-O";
				VALIDATE_PRODUCT = YES;
			};
			name = Release;
		};
		640AAB4423CEB9B100116CE1 /* Debug */ = {
			isa = XCBuildConfiguration;
			baseConfigurationReference = 05E8ACB86EC90DA9D31ECA51 /* Pods-GitHubActions.debug.xcconfig */;
			buildSettings = {
				ASSETCATALOG_COMPILER_APPICON_NAME = AppIcon;
				CODE_SIGN_IDENTITY = "iPhone Developer";
				CODE_SIGN_STYLE = Automatic;
				DEVELOPMENT_TEAM = 9PZ48NZ29N;
				INFOPLIST_FILE = GitHubActions/Info.plist;
				LD_RUNPATH_SEARCH_PATHS = (
					"$(inherited)",
					"@executable_path/Frameworks",
				);
				PRODUCT_BUNDLE_IDENTIFIER = com.github.testing;
				PRODUCT_NAME = "$(TARGET_NAME)";
				PROVISIONING_PROFILE_SPECIFIER = "";
				SWIFT_VERSION = 5.0;
				TARGETED_DEVICE_FAMILY = "1,2";
			};
			name = Debug;
		};
		640AAB4523CEB9B100116CE1 /* Release */ = {
			isa = XCBuildConfiguration;
			baseConfigurationReference = 6A75A40A7B4D707FC9ADE3D0 /* Pods-GitHubActions.release.xcconfig */;
			buildSettings = {
				ASSETCATALOG_COMPILER_APPICON_NAME = AppIcon;
				CODE_SIGN_IDENTITY = "iPhone Developer";
				CODE_SIGN_STYLE = Automatic;
				DEVELOPMENT_TEAM = 9PZ48NZ29N;
				INFOPLIST_FILE = GitHubActions/Info.plist;
				LD_RUNPATH_SEARCH_PATHS = (
					"$(inherited)",
					"@executable_path/Frameworks",
				);
				PRODUCT_BUNDLE_IDENTIFIER = com.github.testing;
				PRODUCT_NAME = "$(TARGET_NAME)";
				PROVISIONING_PROFILE_SPECIFIER = "";
				SWIFT_VERSION = 5.0;
				TARGETED_DEVICE_FAMILY = "1,2";
			};
			name = Release;
		};
/* End XCBuildConfiguration section */

/* Begin XCConfigurationList section */
		640AAB1623CEB9B000116CE1 /* Build configuration list for PBXProject "GitHubActions" */ = {
			isa = XCConfigurationList;
			buildConfigurations = (
				640AAB4123CEB9B100116CE1 /* Debug */,
				640AAB4223CEB9B100116CE1 /* Release */,
			);
			defaultConfigurationIsVisible = 0;
			defaultConfigurationName = Release;
		};
		640AAB4323CEB9B100116CE1 /* Build configuration list for PBXNativeTarget "GitHubActions" */ = {
			isa = XCConfigurationList;
			buildConfigurations = (
				640AAB4423CEB9B100116CE1 /* Debug */,
				640AAB4523CEB9B100116CE1 /* Release */,
			);
			defaultConfigurationIsVisible = 0;
			defaultConfigurationName = Release;
		};
/* End XCConfigurationList section */
	};
	rootObject = 640AAB1323CEB9B000116CE1 /* Project object */;
}
